{
    "version": 3,
    "terraform_version": "0.11.7",
    "serial": 7,
    "lineage": "299633d7-5388-b040-c7f0-b5a01a4f6100",
    "modules": [
        {
            "path": [
                "root"
            ],
            "outputs": {},
            "resources": {
                "digitalocean_droplet.web1": {
                    "type": "digitalocean_droplet",
                    "depends_on": [],
                    "primary": {
                        "id": "103014895",
                        "attributes": {
                            "disk": "30",
                            "id": "103014895",
                            "image": "ubuntu-16-04-x64",
                            "ipv4_address": "206.189.18.146",
                            "locked": "false",
                            "name": "web1",
                            "price_hourly": "0.01488",
                            "price_monthly": "10",
                            "region": "lon1",
                            "resize_disk": "true",
                            "size": "1gb",
                            "ssh_keys.#": "1",
                            "ssh_keys.0": "a8:68:4c:88:b0:38:c2:dc:2c:5b:27:55:fb:ac:bd:02",
                            "status": "active",
                            "tags.#": "0",
                            "user_data": "#!/bin/bash\nsleep 10\n\napt -y update\napt -y install nginx\nexport HOSTNAME=${curl -s http://169.254.169.254/metadata/v1/hostname}\nexport PUBLIC_IPV4=${curl -s http://169.254.169.254/metadata/v1/interfaces/public/0/ipv4/address}\necho Hello from Droplet $HOSTNAME, with IP Address: $PUBLIC_IPV4 \u003e /var/www/html/index.nginx-debian.html",
                            "vcpus": "1"
                        },
                        "meta": {},
                        "tainted": false
                    },
                    "deposed": [],
                    "provider": "provider.digitalocean"
                },
                "digitalocean_droplet.web2": {
                    "type": "digitalocean_droplet",
                    "depends_on": [],
                    "primary": {
                        "id": "103014894",
                        "attributes": {
                            "disk": "30",
                            "id": "103014894",
                            "image": "ubuntu-16-04-x64",
                            "ipv4_address": "206.189.127.43",
                            "locked": "false",
                            "name": "web2",
                            "price_hourly": "0.01488",
                            "price_monthly": "10",
                            "region": "lon1",
                            "resize_disk": "true",
                            "size": "1gb",
                            "ssh_keys.#": "1",
                            "ssh_keys.0": "a8:68:4c:88:b0:38:c2:dc:2c:5b:27:55:fb:ac:bd:02",
                            "status": "active",
                            "tags.#": "0",
                            "user_data": "#!/bin/bash\nsleep 10\n\napt -y update\napt -y install nginx\nexport HOSTNAME=${curl -s http://169.254.169.254/metadata/v1/hostname}\nexport PUBLIC_IPV4=${curl -s http://169.254.169.254/metadata/v1/interfaces/public/0/ipv4/address}\necho Hello from Droplet $HOSTNAME, with IP Address: $PUBLIC_IPV4 \u003e /var/www/html/index.nginx-debian.html",
                            "vcpus": "1"
                        },
                        "meta": {},
                        "tainted": false
                    },
                    "deposed": [],
                    "provider": "provider.digitalocean"
                }
            },
            "depends_on": []
        }
    ]
}
